
Microsoft Visual Studio Solution File, Format Version 12.00
# Visual Studio Version 16
VisualStudioVersion = 16.0.30717.126
MinimumVisualStudioVersion = 15.0.26124.0
Project("{9A19103F-16F7-4668-BE54-9A1E7A4F7556}") = "Blog.API", "src\Blog.API\Blog.API.csproj", "{84E526D7-1E9C-489E-AEA7-4AFE485CD239}"
EndProject
Project("{E53339B2-1760-4266-BCC7-CA923CBCF16C}") = "docker-compose", "docker-compose.dcproj", "{DE9F4FB4-FE2E-4BDB-946E-BB0A933CE9F6}"
EndProject
Global
	GlobalSection(SolutionConfigurationPlatforms) = preSolution
		Debug|Any CPU = Debug|Any CPU
		Debug|x64 = Debug|x64
		Debug|x86 = Debug|x86
		Release|Any CPU = Release|Any CPU
		Release|x64 = Release|x64
		Release|x86 = Release|x86
	EndGlobalSection
	GlobalSection(ProjectConfigurationPlatforms) = postSolution
		{84E526D7-1E9C-489E-AEA7-4AFE485CD239}.Debug|Any CPU.ActiveCfg = Debug|Any CPU
		{84E526D7-1E9C-489E-AEA7-4AFE485CD239}.Debug|Any CPU.Build.0 = Debug|Any CPU
		{84E526D7-1E9C-489E-AEA7-4AFE485CD239}.Debug|x64.ActiveCfg = Debug|Any CPU
		{84E526D7-1E9C-489E-AEA7-4AFE485CD239}.Debug|x64.Build.0 = Debug|Any CPU
		{84E526D7-1E9C-489E-AEA7-4AFE485CD239}.Debug|x86.ActiveCfg = Debug|Any CPU
		{84E526D7-1E9C-489E-AEA7-4AFE485CD239}.Debug|x86.Build.0 = Debug|Any CPU
		{84E526D7-1E9C-489E-AEA7-4AFE485CD239}.Release|Any CPU.ActiveCfg = Release|Any CPU
		{84E526D7-1E9C-489E-AEA7-4AFE485CD239}.Release|Any CPU.Build.0 = Release|Any CPU
		{84E526D7-1E9C-489E-AEA7-4AFE485CD239}.Release|x64.ActiveCfg = Release|Any CPU
		{84E526D7-1E9C-489E-AEA7-4AFE485CD239}.Release|x64.Build.0 = Release|Any CPU
		{84E526D7-1E9C-489E-AEA7-4AFE485CD239}.Release|x86.ActiveCfg = Release|Any CPU
		{84E526D7-1E9C-489E-AEA7-4AFE485CD239}.Release|x86.Build.0 = Release|Any CPU
		{DE9F4FB4-FE2E-4BDB-946E-BB0A933CE9F6}.Debug|Any CPU.ActiveCfg = Debug|Any CPU
		{DE9F4FB4-FE2E-4BDB-946E-BB0A933CE9F6}.Debug|Any CPU.Build.0 = Debug|Any CPU
		{DE9F4FB4-FE2E-4BDB-946E-BB0A933CE9F6}.Debug|x64.ActiveCfg = Debug|Any CPU
		{DE9F4FB4-FE2E-4BDB-946E-BB0A933CE9F6}.Debug|x64.Build.0 = Debug|Any CPU
		{DE9F4FB4-FE2E-4BDB-946E-BB0A933CE9F6}.Debug|x86.ActiveCfg = Debug|Any CPU
		{DE9F4FB4-FE2E-4BDB-946E-BB0A933CE9F6}.Debug|x86.Build.0 = Debug|Any CPU
		{DE9F4FB4-FE2E-4BDB-946E-BB0A933CE9F6}.Release|Any CPU.ActiveCfg = Release|Any CPU
		{DE9F4FB4-FE2E-4BDB-946E-BB0A933CE9F6}.Release|Any CPU.Build.0 = Release|Any CPU
		{DE9F4FB4-FE2E-4BDB-946E-BB0A933CE9F6}.Release|x64.ActiveCfg = Release|Any CPU
		{DE9F4FB4-FE2E-4BDB-946E-BB0A933CE9F6}.Release|x64.Build.0 = Release|Any CPU
		{DE9F4FB4-FE2E-4BDB-946E-BB0A933CE9F6}.Release|x86.ActiveCfg = Release|Any CPU
		{DE9F4FB4-FE2E-4BDB-946E-BB0A933CE9F6}.Release|x86.Build.0 = Release|Any CPU
	EndGlobalSection
	GlobalSection(SolutionProperties) = preSolution
		HideSolutionNode = FALSE
	EndGlobalSection
	GlobalSection(ExtensibilityGlobals) = postSolution
		SolutionGuid = {FF81AC16-8A47-488E-8C06-1C7452E7D473}
	EndGlobalSection
EndGlobal
